// !$*UTF8*$!
{
	archiveVersion = 1;
	classes = {
	};
	objectVersion = 46;
	objects = {

/* Begin PBXBuildFile section */
		660A7D41141B80BF003C0010 /* TerminalIdentity.m in Sources */ = {isa = PBXBuildFile; fileRef = 660A7D40141B80BF003C0010 /* TerminalIdentity.m */; };
		663E6FC914445C85007ECA01 /* Objects.rtf in Resources */ = {isa = PBXBuildFile; fileRef = 663E6FC814445C85007ECA01 /* Objects.rtf */; };
		663E6FCD14445DB0007ECA01 /* Display.m in Sources */ = {isa = PBXBuildFile; fileRef = 663E6FCC14445DB0007ECA01 /* Display.m */; };
		663E6FD01444604F007ECA01 /* Terminal.m in Sources */ = {isa = PBXBuildFile; fileRef = 663E6FCF1444604F007ECA01 /* Terminal.m */; };
		663E6FD314446066007ECA01 /* Parser.m in Sources */ = {isa = PBXBuildFile; fileRef = 663E6FD214446066007ECA01 /* Parser.m */; };
		66510FE7140BAAAA00DE90F7 /* TelnetOptionHandler.m in Sources */ = {isa = PBXBuildFile; fileRef = 66510FE6140BAAA900DE90F7 /* TelnetOptionHandler.m */; };
		66510FED140BB84300DE90F7 /* TelnetOptionTerminalType.m in Sources */ = {isa = PBXBuildFile; fileRef = 66510FEC140BB84300DE90F7 /* TelnetOptionTerminalType.m */; };
		66510FEF140BBACE00DE90F7 /* TelnetOptions.plist in Resources */ = {isa = PBXBuildFile; fileRef = 66510FEE140BBACE00DE90F7 /* TelnetOptions.plist */; };
		66A716C3143871D300944B67 /* TelnetOptionSGA.m in Sources */ = {isa = PBXBuildFile; fileRef = 66A716C2143871D300944B67 /* TelnetOptionSGA.m */; };
		66A716C6143871E800944B67 /* TelnetOptionEcho.m in Sources */ = {isa = PBXBuildFile; fileRef = 66A716C5143871E800944B67 /* TelnetOptionEcho.m */; };
		66AE053A13FFC51900DF9D41 /* UIKit.framework in Frameworks */ = {isa = PBXBuildFile; fileRef = 66AE053913FFC51900DF9D41 /* UIKit.framework */; };
		66AE053C13FFC51900DF9D41 /* Foundation.framework in Frameworks */ = {isa = PBXBuildFile; fileRef = 66AE053B13FFC51900DF9D41 /* Foundation.framework */; };
		66AE054213FFC51900DF9D41 /* InfoPlist.strings in Resources */ = {isa = PBXBuildFile; fileRef = 66AE054013FFC51900DF9D41 /* InfoPlist.strings */; };
		66AE054413FFC51900DF9D41 /* main.m in Sources */ = {isa = PBXBuildFile; fileRef = 66AE054313FFC51900DF9D41 /* main.m */; };
		66AE054813FFC51900DF9D41 /* AppDelegate.m in Sources */ = {isa = PBXBuildFile; fileRef = 66AE054713FFC51900DF9D41 /* AppDelegate.m */; };
		66AE054B13FFC51900DF9D41 /* ViewController.m in Sources */ = {isa = PBXBuildFile; fileRef = 66AE054A13FFC51900DF9D41 /* ViewController.m */; };
		66AE054E13FFC51900DF9D41 /* ViewController.xib in Resources */ = {isa = PBXBuildFile; fileRef = 66AE054C13FFC51900DF9D41 /* ViewController.xib */; };
		66AE055713FFC53D00DF9D41 /* GCDAsyncSocket.m in Sources */ = {isa = PBXBuildFile; fileRef = 66AE055613FFC53D00DF9D41 /* GCDAsyncSocket.m */; };
		66AE055913FFC58400DF9D41 /* CFNetwork.framework in Frameworks */ = {isa = PBXBuildFile; fileRef = 66AE055813FFC58400DF9D41 /* CFNetwork.framework */; };
		66AE055C13FFC60100DF9D41 /* TelnetConnection.m in Sources */ = {isa = PBXBuildFile; fileRef = 66AE055B13FFC60100DF9D41 /* TelnetConnection.m */; };
		66AE056913FFE49400DF9D41 /* TerminalView.m in Sources */ = {isa = PBXBuildFile; fileRef = 66AE056813FFE49400DF9D41 /* TerminalView.m */; };
		66AE056C13FFE4B200DF9D41 /* Glyph.m in Sources */ = {isa = PBXBuildFile; fileRef = 66AE056B13FFE4B200DF9D41 /* Glyph.m */; };
		66AE056E13FFE51200DF9D41 /* CoreGraphics.framework in Frameworks */ = {isa = PBXBuildFile; fileRef = 66AE056D13FFE51200DF9D41 /* CoreGraphics.framework */; };
/* End PBXBuildFile section */

/* Begin PBXFileReference section */
		660A7D3F141B80BF003C0010 /* TerminalIdentity.h */ = {isa = PBXFileReference; fileEncoding = 4; lastKnownFileType = sourcecode.c.h; path = TerminalIdentity.h; sourceTree = "<group>"; };
		660A7D40141B80BF003C0010 /* TerminalIdentity.m */ = {isa = PBXFileReference; fileEncoding = 4; lastKnownFileType = sourcecode.c.objc; path = TerminalIdentity.m; sourceTree = "<group>"; };
		660A7D42141B82EE003C0010 /* TerminalConstants.h */ = {isa = PBXFileReference; fileEncoding = 4; lastKnownFileType = sourcecode.c.h; path = TerminalConstants.h; sourceTree = "<group>"; };
		663E6FC814445C85007ECA01 /* Objects.rtf */ = {isa = PBXFileReference; fileEncoding = 4; lastKnownFileType = text.rtf; path = Objects.rtf; sourceTree = "<group>"; };
		663E6FCB14445DB0007ECA01 /* Display.h */ = {isa = PBXFileReference; fileEncoding = 4; lastKnownFileType = sourcecode.c.h; path = Display.h; sourceTree = "<group>"; };
		663E6FCC14445DB0007ECA01 /* Display.m */ = {isa = PBXFileReference; fileEncoding = 4; lastKnownFileType = sourcecode.c.objc; path = Display.m; sourceTree = "<group>"; };
		663E6FCE1444604E007ECA01 /* Terminal.h */ = {isa = PBXFileReference; fileEncoding = 4; lastKnownFileType = sourcecode.c.h; path = Terminal.h; sourceTree = "<group>"; };
		663E6FCF1444604F007ECA01 /* Terminal.m */ = {isa = PBXFileReference; fileEncoding = 4; lastKnownFileType = sourcecode.c.objc; path = Terminal.m; sourceTree = "<group>"; };
		663E6FD114446066007ECA01 /* Parser.h */ = {isa = PBXFileReference; fileEncoding = 4; lastKnownFileType = sourcecode.c.h; path = Parser.h; sourceTree = "<group>"; };
		663E6FD214446066007ECA01 /* Parser.m */ = {isa = PBXFileReference; fileEncoding = 4; lastKnownFileType = sourcecode.c.objc; path = Parser.m; sourceTree = "<group>"; };
		66510FE5140BAAA900DE90F7 /* TelnetOptionHandler.h */ = {isa = PBXFileReference; fileEncoding = 4; lastKnownFileType = sourcecode.c.h; name = TelnetOptionHandler.h; path = "Telnet Connection/TelnetOptionHandler.h"; sourceTree = "<group>"; };
		66510FE6140BAAA900DE90F7 /* TelnetOptionHandler.m */ = {isa = PBXFileReference; fileEncoding = 4; lastKnownFileType = sourcecode.c.objc; name = TelnetOptionHandler.m; path = "Telnet Connection/TelnetOptionHandler.m"; sourceTree = "<group>"; };
		66510FE9140BB1AE00DE90F7 /* TelnetConstants.h */ = {isa = PBXFileReference; fileEncoding = 4; lastKnownFileType = sourcecode.c.h; name = TelnetConstants.h; path = "Telnet Connection/TelnetConstants.h"; sourceTree = "<group>"; };
		66510FEB140BB84300DE90F7 /* TelnetOptionTerminalType.h */ = {isa = PBXFileReference; fileEncoding = 4; lastKnownFileType = sourcecode.c.h; name = TelnetOptionTerminalType.h; path = "Telnet Connection/OptionHandlers/TelnetOptionTerminalType.h"; sourceTree = "<group>"; };
		66510FEC140BB84300DE90F7 /* TelnetOptionTerminalType.m */ = {isa = PBXFileReference; fileEncoding = 4; lastKnownFileType = sourcecode.c.objc; name = TelnetOptionTerminalType.m; path = "Telnet Connection/OptionHandlers/TelnetOptionTerminalType.m"; sourceTree = "<group>"; };
		66510FEE140BBACE00DE90F7 /* TelnetOptions.plist */ = {isa = PBXFileReference; fileEncoding = 4; lastKnownFileType = text.plist.xml; path = TelnetOptions.plist; sourceTree = "<group>"; };
		66A716C1143871D300944B67 /* TelnetOptionSGA.h */ = {isa = PBXFileReference; fileEncoding = 4; lastKnownFileType = sourcecode.c.h; path = TelnetOptionSGA.h; sourceTree = "<group>"; };
		66A716C2143871D300944B67 /* TelnetOptionSGA.m */ = {isa = PBXFileReference; fileEncoding = 4; lastKnownFileType = sourcecode.c.objc; path = TelnetOptionSGA.m; sourceTree = "<group>"; };
		66A716C4143871E800944B67 /* TelnetOptionEcho.h */ = {isa = PBXFileReference; fileEncoding = 4; lastKnownFileType = sourcecode.c.h; path = TelnetOptionEcho.h; sourceTree = "<group>"; };
		66A716C5143871E800944B67 /* TelnetOptionEcho.m */ = {isa = PBXFileReference; fileEncoding = 4; lastKnownFileType = sourcecode.c.objc; path = TelnetOptionEcho.m; sourceTree = "<group>"; };
		66AE053513FFC51900DF9D41 /* xterminal.app */ = {isa = PBXFileReference; explicitFileType = wrapper.application; includeInIndex = 0; path = xterminal.app; sourceTree = BUILT_PRODUCTS_DIR; };
		66AE053913FFC51900DF9D41 /* UIKit.framework */ = {isa = PBXFileReference; lastKnownFileType = wrapper.framework; name = UIKit.framework; path = System/Library/Frameworks/UIKit.framework; sourceTree = SDKROOT; };
		66AE053B13FFC51900DF9D41 /* Foundation.framework */ = {isa = PBXFileReference; lastKnownFileType = wrapper.framework; name = Foundation.framework; path = System/Library/Frameworks/Foundation.framework; sourceTree = SDKROOT; };
		66AE053F13FFC51900DF9D41 /* xterminal-Info.plist */ = {isa = PBXFileReference; lastKnownFileType = text.plist.xml; path = "xterminal-Info.plist"; sourceTree = "<group>"; };
		66AE054113FFC51900DF9D41 /* en */ = {isa = PBXFileReference; lastKnownFileType = text.plist.strings; name = en; path = en.lproj/InfoPlist.strings; sourceTree = "<group>"; };
		66AE054313FFC51900DF9D41 /* main.m */ = {isa = PBXFileReference; lastKnownFileType = sourcecode.c.objc; path = main.m; sourceTree = "<group>"; };
		66AE054513FFC51900DF9D41 /* xterminal-Prefix.pch */ = {isa = PBXFileReference; lastKnownFileType = sourcecode.c.h; path = "xterminal-Prefix.pch"; sourceTree = "<group>"; };
		66AE054613FFC51900DF9D41 /* AppDelegate.h */ = {isa = PBXFileReference; lastKnownFileType = sourcecode.c.h; path = AppDelegate.h; sourceTree = "<group>"; };
		66AE054713FFC51900DF9D41 /* AppDelegate.m */ = {isa = PBXFileReference; lastKnownFileType = sourcecode.c.objc; path = AppDelegate.m; sourceTree = "<group>"; };
		66AE054913FFC51900DF9D41 /* ViewController.h */ = {isa = PBXFileReference; lastKnownFileType = sourcecode.c.h; path = ViewController.h; sourceTree = "<group>"; };
		66AE054A13FFC51900DF9D41 /* ViewController.m */ = {isa = PBXFileReference; lastKnownFileType = sourcecode.c.objc; path = ViewController.m; sourceTree = "<group>"; };
		66AE054D13FFC51900DF9D41 /* en */ = {isa = PBXFileReference; lastKnownFileType = file.xib; name = en; path = en.lproj/ViewController.xib; sourceTree = "<group>"; };
		66AE055513FFC53D00DF9D41 /* GCDAsyncSocket.h */ = {isa = PBXFileReference; fileEncoding = 4; lastKnownFileType = sourcecode.c.h; path = GCDAsyncSocket.h; sourceTree = "<group>"; };
		66AE055613FFC53D00DF9D41 /* GCDAsyncSocket.m */ = {isa = PBXFileReference; fileEncoding = 4; lastKnownFileType = sourcecode.c.objc; path = GCDAsyncSocket.m; sourceTree = "<group>"; };
		66AE055813FFC58400DF9D41 /* CFNetwork.framework */ = {isa = PBXFileReference; lastKnownFileType = wrapper.framework; name = CFNetwork.framework; path = System/Library/Frameworks/CFNetwork.framework; sourceTree = SDKROOT; };
		66AE055A13FFC60100DF9D41 /* TelnetConnection.h */ = {isa = PBXFileReference; fileEncoding = 4; lastKnownFileType = sourcecode.c.h; name = TelnetConnection.h; path = "Telnet Connection/TelnetConnection.h"; sourceTree = "<group>"; };
		66AE055B13FFC60100DF9D41 /* TelnetConnection.m */ = {isa = PBXFileReference; fileEncoding = 4; lastKnownFileType = sourcecode.c.objc; name = TelnetConnection.m; path = "Telnet Connection/TelnetConnection.m"; sourceTree = "<group>"; };
		66AE056713FFE49400DF9D41 /* TerminalView.h */ = {isa = PBXFileReference; fileEncoding = 4; lastKnownFileType = sourcecode.c.h; path = TerminalView.h; sourceTree = "<group>"; };
		66AE056813FFE49400DF9D41 /* TerminalView.m */ = {isa = PBXFileReference; fileEncoding = 4; lastKnownFileType = sourcecode.c.objc; path = TerminalView.m; sourceTree = "<group>"; };
		66AE056A13FFE4B200DF9D41 /* Glyph.h */ = {isa = PBXFileReference; fileEncoding = 4; lastKnownFileType = sourcecode.c.h; path = Glyph.h; sourceTree = "<group>"; };
		66AE056B13FFE4B200DF9D41 /* Glyph.m */ = {isa = PBXFileReference; fileEncoding = 4; lastKnownFileType = sourcecode.c.objc; path = Glyph.m; sourceTree = "<group>"; };
		66AE056D13FFE51200DF9D41 /* CoreGraphics.framework */ = {isa = PBXFileReference; lastKnownFileType = wrapper.framework; name = CoreGraphics.framework; path = System/Library/Frameworks/CoreGraphics.framework; sourceTree = SDKROOT; };
		66EE96121446239A00427522 /* ParserDelegate.h */ = {isa = PBXFileReference; fileEncoding = 4; lastKnownFileType = sourcecode.c.h; path = ParserDelegate.h; sourceTree = "<group>"; };
		66EE96141446240A00427522 /* DisplayDelegate.h */ = {isa = PBXFileReference; fileEncoding = 4; lastKnownFileType = sourcecode.c.h; path = DisplayDelegate.h; sourceTree = "<group>"; };
		66EE96151446244800427522 /* ConnectionDelegate.h */ = {isa = PBXFileReference; fileEncoding = 4; lastKnownFileType = sourcecode.c.h; path = ConnectionDelegate.h; sourceTree = "<group>"; };
/* End PBXFileReference section */

/* Begin PBXFrameworksBuildPhase section */
		66AE053213FFC51900DF9D41 /* Frameworks */ = {
			isa = PBXFrameworksBuildPhase;
			buildActionMask = 2147483647;
			files = (
				66AE056E13FFE51200DF9D41 /* CoreGraphics.framework in Frameworks */,
				66AE055913FFC58400DF9D41 /* CFNetwork.framework in Frameworks */,
				66AE053A13FFC51900DF9D41 /* UIKit.framework in Frameworks */,
				66AE053C13FFC51900DF9D41 /* Foundation.framework in Frameworks */,
			);
			runOnlyForDeploymentPostprocessing = 0;
		};
/* End PBXFrameworksBuildPhase section */

/* Begin PBXGroup section */
		66A716BF143871A200944B67 /* Option Handlers */ = {
			isa = PBXGroup;
			children = (
				66510FE5140BAAA900DE90F7 /* TelnetOptionHandler.h */,
				66510FE6140BAAA900DE90F7 /* TelnetOptionHandler.m */,
				66510FEB140BB84300DE90F7 /* TelnetOptionTerminalType.h */,
				66510FEC140BB84300DE90F7 /* TelnetOptionTerminalType.m */,
				66A716C1143871D300944B67 /* TelnetOptionSGA.h */,
				66A716C2143871D300944B67 /* TelnetOptionSGA.m */,
				66A716C4143871E800944B67 /* TelnetOptionEcho.h */,
				66A716C5143871E800944B67 /* TelnetOptionEcho.m */,
			);
			name = "Option Handlers";
			sourceTree = "<group>";
		};
		66AE052A13FFC51900DF9D41 = {
			isa = PBXGroup;
			children = (
				66AE056D13FFE51200DF9D41 /* CoreGraphics.framework */,
				66AE055813FFC58400DF9D41 /* CFNetwork.framework */,
				66AE053D13FFC51900DF9D41 /* Telnet */,
				66AE053813FFC51900DF9D41 /* Frameworks */,
				66AE053613FFC51900DF9D41 /* Products */,
			);
			sourceTree = "<group>";
		};
		66AE053613FFC51900DF9D41 /* Products */ = {
			isa = PBXGroup;
			children = (
				66AE053513FFC51900DF9D41 /* xterminal.app */,
			);
			name = Products;
			sourceTree = "<group>";
		};
		66AE053813FFC51900DF9D41 /* Frameworks */ = {
			isa = PBXGroup;
			children = (
				66AE053913FFC51900DF9D41 /* UIKit.framework */,
				66AE053B13FFC51900DF9D41 /* Foundation.framework */,
			);
			name = Frameworks;
			sourceTree = "<group>";
		};
		66AE053D13FFC51900DF9D41 /* Telnet */ = {
			isa = PBXGroup;
			children = (
				66510FEE140BBACE00DE90F7 /* TelnetOptions.plist */,
				66AE056613FFE48300DF9D41 /* Terminal */,
				66AE055413FFC53D00DF9D41 /* GCDAsyncSocket */,
				66AE054613FFC51900DF9D41 /* AppDelegate.h */,
				66AE054713FFC51900DF9D41 /* AppDelegate.m */,
				66AE054913FFC51900DF9D41 /* ViewController.h */,
				66AE054A13FFC51900DF9D41 /* ViewController.m */,
				66AE054C13FFC51900DF9D41 /* ViewController.xib */,
				66AE053E13FFC51900DF9D41 /* Supporting Files */,
			);
			path = Telnet;
			sourceTree = "<group>";
		};
		66AE053E13FFC51900DF9D41 /* Supporting Files */ = {
			isa = PBXGroup;
			children = (
				66AE053F13FFC51900DF9D41 /* xterminal-Info.plist */,
				66AE054013FFC51900DF9D41 /* InfoPlist.strings */,
				66AE054313FFC51900DF9D41 /* main.m */,
				66AE054513FFC51900DF9D41 /* xterminal-Prefix.pch */,
			);
			name = "Supporting Files";
			sourceTree = "<group>";
		};
		66AE055413FFC53D00DF9D41 /* GCDAsyncSocket */ = {
			isa = PBXGroup;
			children = (
				66AE055513FFC53D00DF9D41 /* GCDAsyncSocket.h */,
				66AE055613FFC53D00DF9D41 /* GCDAsyncSocket.m */,
			);
			path = GCDAsyncSocket;
			sourceTree = "<group>";
		};
		66AE056613FFE48300DF9D41 /* Terminal */ = {
			isa = PBXGroup;
			children = (
				663E6FC814445C85007ECA01 /* Objects.rtf */,
				663E6FCB14445DB0007ECA01 /* Display.h */,
				663E6FCC14445DB0007ECA01 /* Display.m */,
				66AE056A13FFE4B200DF9D41 /* Glyph.h */,
				66AE056B13FFE4B200DF9D41 /* Glyph.m */,
				663E6FD114446066007ECA01 /* Parser.h */,
				663E6FD214446066007ECA01 /* Parser.m */,
				663E6FCE1444604E007ECA01 /* Terminal.h */,
				66EE96151446244800427522 /* ConnectionDelegate.h */,
				66EE96141446240A00427522 /* DisplayDelegate.h */,
				663E6FCF1444604F007ECA01 /* Terminal.m */,
				66AE055A13FFC60100DF9D41 /* TelnetConnection.h */,
				66AE055B13FFC60100DF9D41 /* TelnetConnection.m */,
				66510FE9140BB1AE00DE90F7 /* TelnetConstants.h */,
				66A716BF143871A200944B67 /* Option Handlers */,
				66AE056713FFE49400DF9D41 /* TerminalView.h */,
				66AE056813FFE49400DF9D41 /* TerminalView.m */,
				660A7D3F141B80BF003C0010 /* TerminalIdentity.h */,
				660A7D40141B80BF003C0010 /* TerminalIdentity.m */,
				660A7D42141B82EE003C0010 /* TerminalConstants.h */,
				66EE96121446239A00427522 /* ParserDelegate.h */,
			);
			name = Terminal;
			sourceTree = "<group>";
		};
/* End PBXGroup section */

/* Begin PBXNativeTarget section */
		66AE053413FFC51900DF9D41 /* xterminal */ = {
			isa = PBXNativeTarget;
			buildConfigurationList = 66AE055113FFC51900DF9D41 /* Build configuration list for PBXNativeTarget "xterminal" */;
			buildPhases = (
				66AE053113FFC51900DF9D41 /* Sources */,
				66AE053213FFC51900DF9D41 /* Frameworks */,
				66AE053313FFC51900DF9D41 /* Resources */,
			);
			buildRules = (
			);
			dependencies = (
			);
			name = xterminal;
			productName = Telnet;
			productReference = 66AE053513FFC51900DF9D41 /* xterminal.app */;
			productType = "com.apple.product-type.application";
		};
/* End PBXNativeTarget section */

/* Begin PBXProject section */
		66AE052C13FFC51900DF9D41 /* Project object */ = {
			isa = PBXProject;
			attributes = {
				LastUpgradeCheck = 0420;
			};
			buildConfigurationList = 66AE052F13FFC51900DF9D41 /* Build configuration list for PBXProject "xterminal" */;
			compatibilityVersion = "Xcode 3.2";
			developmentRegion = English;
			hasScannedForEncodings = 0;
			knownRegions = (
				en,
			);
			mainGroup = 66AE052A13FFC51900DF9D41;
			productRefGroup = 66AE053613FFC51900DF9D41 /* Products */;
			projectDirPath = "";
			projectRoot = "";
			targets = (
				66AE053413FFC51900DF9D41 /* xterminal */,
			);
		};
/* End PBXProject section */

/* Begin PBXResourcesBuildPhase section */
		66AE053313FFC51900DF9D41 /* Resources */ = {
			isa = PBXResourcesBuildPhase;
			buildActionMask = 2147483647;
			files = (
				66AE054213FFC51900DF9D41 /* InfoPlist.strings in Resources */,
				66AE054E13FFC51900DF9D41 /* ViewController.xib in Resources */,
				66510FEF140BBACE00DE90F7 /* TelnetOptions.plist in Resources */,
				663E6FC914445C85007ECA01 /* Objects.rtf in Resources */,
			);
			runOnlyForDeploymentPostprocessing = 0;
		};
/* End PBXResourcesBuildPhase section */

/* Begin PBXSourcesBuildPhase section */
		66AE053113FFC51900DF9D41 /* Sources */ = {
			isa = PBXSourcesBuildPhase;
			buildActionMask = 2147483647;
			files = (
				66AE054413FFC51900DF9D41 /* main.m in Sources */,
				66AE054813FFC51900DF9D41 /* AppDelegate.m in Sources */,
				66AE054B13FFC51900DF9D41 /* ViewController.m in Sources */,
				66AE055713FFC53D00DF9D41 /* GCDAsyncSocket.m in Sources */,
				66AE055C13FFC60100DF9D41 /* TelnetConnection.m in Sources */,
				66AE056913FFE49400DF9D41 /* TerminalView.m in Sources */,
				66AE056C13FFE4B200DF9D41 /* Glyph.m in Sources */,
				66510FE7140BAAAA00DE90F7 /* TelnetOptionHandler.m in Sources */,
				66510FED140BB84300DE90F7 /* TelnetOptionTerminalType.m in Sources */,
				660A7D41141B80BF003C0010 /* TerminalIdentity.m in Sources */,
				66A716C3143871D300944B67 /* TelnetOptionSGA.m in Sources */,
				66A716C6143871E800944B67 /* TelnetOptionEcho.m in Sources */,
				663E6FCD14445DB0007ECA01 /* Display.m in Sources */,
				663E6FD01444604F007ECA01 /* Terminal.m in Sources */,
				663E6FD314446066007ECA01 /* Parser.m in Sources */,
			);
			runOnlyForDeploymentPostprocessing = 0;
		};
/* End PBXSourcesBuildPhase section */

/* Begin PBXVariantGroup section */
		66AE054013FFC51900DF9D41 /* InfoPlist.strings */ = {
			isa = PBXVariantGroup;
			children = (
				66AE054113FFC51900DF9D41 /* en */,
			);
			name = InfoPlist.strings;
			sourceTree = "<group>";
		};
		66AE054C13FFC51900DF9D41 /* ViewController.xib */ = {
			isa = PBXVariantGroup;
			children = (
				66AE054D13FFC51900DF9D41 /* en */,
			);
			name = ViewController.xib;
			sourceTree = "<group>";
		};
/* End PBXVariantGroup section */

/* Begin XCBuildConfiguration section */
		66AE054F13FFC51900DF9D41 /* Debug */ = {
			isa = XCBuildConfiguration;
			buildSettings = {
				ALWAYS_SEARCH_USER_PATHS = NO;
				ARCHS = "$(ARCHS_STANDARD_32_BIT)";
				CLANG_ENABLE_OBJC_ARC = YES;
				CODE_SIGN_IDENTITY = "iPhone Developer";
				"CODE_SIGN_IDENTITY[sdk=iphoneos*]" = "iPhone Developer";
				COPY_PHASE_STRIP = NO;
				GCC_C_LANGUAGE_STANDARD = gnu99;
				GCC_DYNAMIC_NO_PIC = NO;
				GCC_OPTIMIZATION_LEVEL = 0;
				GCC_PREPROCESSOR_DEFINITIONS = (
					"DEBUG=1",
					"$(inherited)",
				);
				GCC_SYMBOLS_PRIVATE_EXTERN = NO;
				GCC_VERSION = com.apple.compilers.llvm.clang.1_0;
				GCC_WARN_ABOUT_MISSING_PROTOTYPES = YES;
				GCC_WARN_ABOUT_RETURN_TYPE = YES;
				GCC_WARN_UNUSED_VARIABLE = YES;
				IPHONEOS_DEPLOYMENT_TARGET = 5.0;
				PROVISIONING_PROFILE = "";
				SDKROOT = iphoneos;
				TARGETED_DEVICE_FAMILY = 2;
			};
			name = Debug;
		};
		66AE055013FFC51900DF9D41 /* Release */ = {
			isa = XCBuildConfiguration;
			buildSettings = {
				ALWAYS_SEARCH_USER_PATHS = NO;
				ARCHS = "$(ARCHS_STANDARD_32_BIT)";
				CLANG_ENABLE_OBJC_ARC = YES;
				CODE_SIGN_IDENTITY = "iPhone Developer";
				"CODE_SIGN_IDENTITY[sdk=iphoneos*]" = "iPhone Developer";
				COPY_PHASE_STRIP = YES;
				GCC_C_LANGUAGE_STANDARD = gnu99;
				GCC_VERSION = com.apple.compilers.llvm.clang.1_0;
				GCC_WARN_ABOUT_MISSING_PROTOTYPES = YES;
				GCC_WARN_ABOUT_RETURN_TYPE = YES;
				GCC_WARN_UNUSED_VARIABLE = YES;
				IPHONEOS_DEPLOYMENT_TARGET = 5.0;
				OTHER_CFLAGS = "-DNS_BLOCK_ASSERTIONS=1";
				PROVISIONING_PROFILE = "";
				SDKROOT = iphoneos;
				TARGETED_DEVICE_FAMILY = 2;
				VALIDATE_PRODUCT = YES;
			};
			name = Release;
		};
		66AE055213FFC51900DF9D41 /* Debug */ = {
			isa = XCBuildConfiguration;
			buildSettings = {
				GCC_PRECOMPILE_PREFIX_HEADER = YES;
				GCC_PREFIX_HEADER = "Telnet/xterminal-Prefix.pch";
				INFOPLIST_FILE = "Telnet/xterminal-Info.plist";
				PRODUCT_NAME = xterminal;
				WRAPPER_EXTENSION = app;
			};
			name = Debug;
		};
		66AE055313FFC51900DF9D41 /* Release */ = {
			isa = XCBuildConfiguration;
			buildSettings = {
				GCC_PRECOMPILE_PREFIX_HEADER = YES;
				GCC_PREFIX_HEADER = "Telnet/xterminal-Prefix.pch";
				INFOPLIST_FILE = "Telnet/xterminal-Info.plist";
				PRODUCT_NAME = xterminal;
				WRAPPER_EXTENSION = app;
			};
			name = Release;
		};
/* End XCBuildConfiguration section */

/* Begin XCConfigurationList section */
		66AE052F13FFC51900DF9D41 /* Build configuration list for PBXProject "xterminal" */ = {
			isa = XCConfigurationList;
			buildConfigurations = (
				66AE054F13FFC51900DF9D41 /* Debug */,
				66AE055013FFC51900DF9D41 /* Release */,
			);
			defaultConfigurationIsVisible = 0;
			defaultConfigurationName = Release;
		};
		66AE055113FFC51900DF9D41 /* Build configuration list for PBXNativeTarget "xterminal" */ = {
			isa = XCConfigurationList;
			buildConfigurations = (
				66AE055213FFC51900DF9D41 /* Debug */,
				66AE055313FFC51900DF9D41 /* Release */,
			);
			defaultConfigurationIsVisible = 0;
			defaultConfigurationName = Release;
		};
/* End XCConfigurationList section */
	};
	rootObject = 66AE052C13FFC51900DF9D41 /* Project object */;
}
